PODS:
  - Alamofire (4.0.0)
  - PagingDataController (1.0.0):
    - SVPullToRefresh
  - SDWebImage (3.8.2):
    - SDWebImage/Core (= 3.8.2)
  - SDWebImage/Core (3.8.2)
  - SiFUtilities (1.0.0)
  - SVPullToRefresh (0.4.1)

DEPENDENCIES:
  - Alamofire
  - PagingDataController (from `../`)
  - SDWebImage
  - SiFUtilities

EXTERNAL SOURCES:
  PagingDataController:
    :path: "../"

SPEC CHECKSUMS:
  Alamofire: fef59f00388f267e52d9b432aa5d93dc97190f14
  PagingDataController: e154348095addff09241302bf9881fc595794eb0
  SDWebImage: 098e97e6176540799c27e804c96653ee0833d13c
  SiFUtilities: b8b65b0ed0aeffd45a01f30006f6a2ed45fba5ff
  SVPullToRefresh: ba2e718695a43253d8bea6852d2960097dc15d8c

PODFILE CHECKSUM: 04b1ced882537d2158c050aa60749959928c99da

COCOAPODS: 1.1.0.rc.2
