PODS:
  - Alamofire (3.4.1)
  - PagingDataController (0.2.1):
    - SVPullToRefresh (~> 0.4)
  - SDWebImage (3.8.1):
    - SDWebImage/Core (= 3.8.1)
  - SDWebImage/Core (3.8.1)
  - SiFUtilities (0.3.1)
  - SVPullToRefresh (0.4.1)

DEPENDENCIES:
  - Alamofire (~> 3.4)
  - PagingDataController (from `../`)
  - SDWebImage (~> 3.8)
  - SiFUtilities

EXTERNAL SOURCES:
  PagingDataController:
    :path: "../"

SPEC CHECKSUMS:
  Alamofire: 01a82e2f6c0f860ade35534c8dd88be61bdef40c
  PagingDataController: 3a03811f5716c8102c5130f36fa8c233ce99cc1f
  SDWebImage: 35f9627a3e44b4f292a8a8ce6a531fa488239b91
  SiFUtilities: d4ed0a8244782253f025db0cf1c7096973a04542
  SVPullToRefresh: ba2e718695a43253d8bea6852d2960097dc15d8c

PODFILE CHECKSUM: df5c2bf7887770a0bd1d06e296d7ac9e948d694f

COCOAPODS: 1.0.1
